
Microsoft Visual Studio Solution File, Format Version 12.00
# Visual Studio Version 16
VisualStudioVersion = 16.0.30114.105
MinimumVisualStudioVersion = 10.0.40219.1
Project("{FAE04EC0-301F-11D3-BF4B-00C04F79EFBC}") = "GitInsight", "GitInsight\GitInsight.csproj", "{6F397F65-2572-4520-900F-987870F92693}"
EndProject
Project("{FAE04EC0-301F-11D3-BF4B-00C04F79EFBC}") = "GitInsight.Entities", "GitInsight.Entities\GitInsight.Entities.csproj", "{7767D97E-ABDA-4489-B26E-83A274C15314}"
EndProject
Project("{FAE04EC0-301F-11D3-BF4B-00C04F79EFBC}") = "GitInsight.Tests", "GitInsight.Tests\GitInsight.Tests.csproj", "{93D7F829-9518-40E7-9255-67B393D65D77}"
EndProject
Project("{FAE04EC0-301F-11D3-BF4B-00C04F79EFBC}") = "GitInsight.Entities.Tests", "GitInsight.Entities.Tests\GitInsight.Entities.Tests.csproj", "{FC2F3337-F9FC-491F-95FF-560271967AA1}"
EndProject
Project("{FAE04EC0-301F-11D3-BF4B-00C04F79EFBC}") = "GitInsight.WebApi.Tests", "GitInsight.WebApi.Tests\GitInsight.WebApi.Tests.csproj", "{31652D5D-14ED-43F3-BA9D-5DE24F15A1D2}"
EndProject
Project("{FAE04EC0-301F-11D3-BF4B-00C04F79EFBC}") = "BlazorApp.Tests", "BlazorApp.Tests\BlazorApp.Tests.csproj", "{D9CD3052-15F3-4AEF-A267-F70BDAFCD9D9}"
EndProject
Global
	GlobalSection(SolutionConfigurationPlatforms) = preSolution
		Debug|Any CPU = Debug|Any CPU
		Release|Any CPU = Release|Any CPU
	EndGlobalSection
	GlobalSection(SolutionProperties) = preSolution
		HideSolutionNode = FALSE
	EndGlobalSection
	GlobalSection(ProjectConfigurationPlatforms) = postSolution
		{6F397F65-2572-4520-900F-987870F92693}.Debug|Any CPU.ActiveCfg = Debug|Any CPU
		{6F397F65-2572-4520-900F-987870F92693}.Debug|Any CPU.Build.0 = Debug|Any CPU
		{6F397F65-2572-4520-900F-987870F92693}.Release|Any CPU.ActiveCfg = Release|Any CPU
		{6F397F65-2572-4520-900F-987870F92693}.Release|Any CPU.Build.0 = Release|Any CPU
		{7767D97E-ABDA-4489-B26E-83A274C15314}.Debug|Any CPU.ActiveCfg = Debug|Any CPU
		{7767D97E-ABDA-4489-B26E-83A274C15314}.Debug|Any CPU.Build.0 = Debug|Any CPU
		{7767D97E-ABDA-4489-B26E-83A274C15314}.Release|Any CPU.ActiveCfg = Release|Any CPU
		{7767D97E-ABDA-4489-B26E-83A274C15314}.Release|Any CPU.Build.0 = Release|Any CPU
		{93D7F829-9518-40E7-9255-67B393D65D77}.Debug|Any CPU.ActiveCfg = Debug|Any CPU
		{93D7F829-9518-40E7-9255-67B393D65D77}.Debug|Any CPU.Build.0 = Debug|Any CPU
		{93D7F829-9518-40E7-9255-67B393D65D77}.Release|Any CPU.ActiveCfg = Release|Any CPU
		{93D7F829-9518-40E7-9255-67B393D65D77}.Release|Any CPU.Build.0 = Release|Any CPU
		{FC2F3337-F9FC-491F-95FF-560271967AA1}.Debug|Any CPU.ActiveCfg = Debug|Any CPU
		{FC2F3337-F9FC-491F-95FF-560271967AA1}.Debug|Any CPU.Build.0 = Debug|Any CPU
		{FC2F3337-F9FC-491F-95FF-560271967AA1}.Release|Any CPU.ActiveCfg = Release|Any CPU
		{FC2F3337-F9FC-491F-95FF-560271967AA1}.Release|Any CPU.Build.0 = Release|Any CPU
		{31652D5D-14ED-43F3-BA9D-5DE24F15A1D2}.Debug|Any CPU.ActiveCfg = Debug|Any CPU
		{31652D5D-14ED-43F3-BA9D-5DE24F15A1D2}.Debug|Any CPU.Build.0 = Debug|Any CPU
		{31652D5D-14ED-43F3-BA9D-5DE24F15A1D2}.Release|Any CPU.ActiveCfg = Release|Any CPU
		{31652D5D-14ED-43F3-BA9D-5DE24F15A1D2}.Release|Any CPU.Build.0 = Release|Any CPU
		{D9CD3052-15F3-4AEF-A267-F70BDAFCD9D9}.Debug|Any CPU.ActiveCfg = Debug|Any CPU
		{D9CD3052-15F3-4AEF-A267-F70BDAFCD9D9}.Debug|Any CPU.Build.0 = Debug|Any CPU
		{D9CD3052-15F3-4AEF-A267-F70BDAFCD9D9}.Release|Any CPU.ActiveCfg = Release|Any CPU
		{D9CD3052-15F3-4AEF-A267-F70BDAFCD9D9}.Release|Any CPU.Build.0 = Release|Any CPU
	EndGlobalSection
EndGlobal
